# THIS IS AN AUTOGENERATED FILE. DO NOT EDIT THIS FILE DIRECTLY.
# yarn lockfile v1


esm@^3.2.17:
  version "3.2.17"
  resolved "https://registry.yarnpkg.com/esm/-/esm-3.2.17.tgz#ae74c34f502ab2ee8f03c64cc785ebeb1786526a"
  integrity sha512-C9o9bz51z5upkD7wCsTKgWwWSZ+OztN2eXLL8senHAULFAXCXGSmw1EW2zengsoyyDh9D/H4Twxk7ZkMEW360Q==

flat@^4.1.0:
  version "4.1.0"
  resolved "https://registry.yarnpkg.com/flat/-/flat-4.1.0.tgz#090bec8b05e39cba309747f1d588f04dbaf98db2"
  integrity sha512-Px/TiLIznH7gEDlPXcUD4KnBusa6kR6ayRUVcnEAbreRIuhkqow/mun59BuRXwoYk7ZQOLW1ZM05ilIvK38hFw==
  dependencies:
    is-buffer "~2.0.3"

is-buffer@~2.0.3:
  version "2.0.3"
  resolved "https://registry.yarnpkg.com/is-buffer/-/is-buffer-2.0.3.tgz#4ecf3fcf749cbd1e472689e109ac66261a25e725"
  integrity sha512-U15Q7MXTuZlrbymiz95PJpZxu8IlipAp4dtS3wOdgPXx3mqBnslrWU14kxfHB+Py/+2PVKSr37dMAgM2A4uArw==
