# THIS IS AN AUTOGENERATED FILE. DO NOT EDIT THIS FILE DIRECTLY.
# yarn lockfile v1


esm@^3.2.17:
  version "3.2.17"
  resolved "https://registry.yarnpkg.com/esm/-/esm-3.2.17.tgz#ae74c34f502ab2ee8f03c64cc785ebeb1786526a"
  integrity sha512-C9o9bz51z5upkD7wCsTKgWwWSZ+OztN2eXLL8senHAULFAXCXGSmw1EW2zengsoyyDh9D/H4Twxk7ZkMEW360Q==
